
Microsoft Visual Studio Solution File, Format Version 12.00
# Visual Studio Version 17
VisualStudioVersion = 17.7.34024.191
MinimumVisualStudioVersion = 10.0.40219.1
Project("{FAE04EC0-301F-11D3-BF4B-00C04F79EFBC}") = "DotNet6NewFeatures", "DotNet6NewFeatures\DotNet6NewFeatures.csproj", "{2DF105C9-CA03-47B2-BB4F-FF90FC1F5513}"
EndProject
Global
	GlobalSection(SolutionConfigurationPlatforms) = preSolution
		Debug|Any CPU = Debug|Any CPU
		Release|Any CPU = Release|Any CPU
	EndGlobalSection
	GlobalSection(ProjectConfigurationPlatforms) = postSolution
		{2DF105C9-CA03-47B2-BB4F-FF90FC1F5513}.Debug|Any CPU.ActiveCfg = Debug|Any CPU
		{2DF105C9-CA03-47B2-BB4F-FF90FC1F5513}.Debug|Any CPU.Build.0 = Debug|Any CPU
		{2DF105C9-CA03-47B2-BB4F-FF90FC1F5513}.Release|Any CPU.ActiveCfg = Release|Any CPU
		{2DF105C9-CA03-47B2-BB4F-FF90FC1F5513}.Release|Any CPU.Build.0 = Release|Any CPU
	EndGlobalSection
	GlobalSection(SolutionProperties) = preSolution
		HideSolutionNode = FALSE
	EndGlobalSection
	GlobalSection(ExtensibilityGlobals) = postSolution
		SolutionGuid = {50B926EF-B019-4146-B0A5-DC7F86D9BE6A}
	EndGlobalSection
EndGlobal
